
Microsoft Visual Studio Solution File, Format Version 12.00
# Visual Studio 15
VisualStudioVersion = 15.0.28307.1062
MinimumVisualStudioVersion = 10.0.40219.1
Project("{FAE04EC0-301F-11D3-BF4B-00C04F79EFBC}") = "Ejercicio 2", "Ejercicio 2\Ejercicio 2.csproj", "{EE6A7E1E-FFA8-4A01-A23B-FD8997BC1C38}"
EndProject
Project("{FAE04EC0-301F-11D3-BF4B-00C04F79EFBC}") = "logica", "logica\logica.csproj", "{74993C64-D29C-4F63-AF75-6B795F8EE909}"
EndProject
Global
	GlobalSection(SolutionConfigurationPlatforms) = preSolution
		Debug|Any CPU = Debug|Any CPU
		Release|Any CPU = Release|Any CPU
	EndGlobalSection
	GlobalSection(ProjectConfigurationPlatforms) = postSolution
		{EE6A7E1E-FFA8-4A01-A23B-FD8997BC1C38}.Debug|Any CPU.ActiveCfg = Debug|Any CPU
		{EE6A7E1E-FFA8-4A01-A23B-FD8997BC1C38}.Debug|Any CPU.Build.0 = Debug|Any CPU
		{EE6A7E1E-FFA8-4A01-A23B-FD8997BC1C38}.Release|Any CPU.ActiveCfg = Release|Any CPU
		{EE6A7E1E-FFA8-4A01-A23B-FD8997BC1C38}.Release|Any CPU.Build.0 = Release|Any CPU
		{74993C64-D29C-4F63-AF75-6B795F8EE909}.Debug|Any CPU.ActiveCfg = Debug|Any CPU
		{74993C64-D29C-4F63-AF75-6B795F8EE909}.Debug|Any CPU.Build.0 = Debug|Any CPU
		{74993C64-D29C-4F63-AF75-6B795F8EE909}.Release|Any CPU.ActiveCfg = Release|Any CPU
		{74993C64-D29C-4F63-AF75-6B795F8EE909}.Release|Any CPU.Build.0 = Release|Any CPU
	EndGlobalSection
	GlobalSection(SolutionProperties) = preSolution
		HideSolutionNode = FALSE
	EndGlobalSection
	GlobalSection(ExtensibilityGlobals) = postSolution
		SolutionGuid = {C12CFB4E-6A7F-4454-8133-174DF653F16D}
	EndGlobalSection
EndGlobal
